
Microsoft Visual Studio Solution File, Format Version 12.00
# Visual Studio Version 17
VisualStudioVersion = 17.14.36511.14
MinimumVisualStudioVersion = 10.0.40219.1
Project("{2150E333-8FDC-42A3-9474-1A3956D46DE8}") = "Services", "Services", "{02EA681E-C7D8-13C7-8484-4AC65E1B71E8}"
EndProject
Project("{2150E333-8FDC-42A3-9474-1A3956D46DE8}") = "ApiGateWay", "ApiGateWay", "{55E313E0-1C7C-45F0-B7B8-39D6FB744930}"
EndProject
Project("{2150E333-8FDC-42A3-9474-1A3956D46DE8}") = "Frontends", "Frontends", "{F950C496-FF8C-42FB-BAE9-B2598C2FF123}"
EndProject
Project("{2150E333-8FDC-42A3-9474-1A3956D46DE8}") = "IdentityServer", "IdentityServer", "{A170E0E7-6C82-4C59-9DAC-25AD1DE26D1B}"
EndProject
Project("{FAE04EC0-301F-11D3-BF4B-00C04F79EFBC}") = "MikroservisStock.Catalog", "Services\MikroservisStock.Catalog\MikroservisStock.Catalog.csproj", "{89D4D0C4-82E2-4D41-8C13-67210381D3A2}"
EndProject
Project("{FAE04EC0-301F-11D3-BF4B-00C04F79EFBC}") = "MikroservisStock.Discount", "Services\MikroservisStock.Discount\MikroservisStock.Discount.csproj", "{D4FE7130-24AA-4F66-8A09-32A1E5E38ECB}"
EndProject
Project("{FAE04EC0-301F-11D3-BF4B-00C04F79EFBC}") = "MikroservisStock.Basket", "Services\MikroservisStock.Basket\MikroservisStock.Basket.csproj", "{03093920-B833-4A8A-8A80-4504E56271E2}"
EndProject
Project("{FAE04EC0-301F-11D3-BF4B-00C04F79EFBC}") = "MikroservisStock.Cargo", "Services\MikroservisStock.Cargo\MikroservisStock.Cargo.csproj", "{CF433257-58FF-4EB2-8EEC-3879DE16829C}"
EndProject
Project("{FAE04EC0-301F-11D3-BF4B-00C04F79EFBC}") = "MikroservisStock.IdentityServer", "IdentityServer\MikroservisStock.IdentityServer\MikroservisStock.IdentityServer.csproj", "{432E8435-73A9-778C-C3B1-B4E8FA2E34BA}"
EndProject
Global
	GlobalSection(SolutionConfigurationPlatforms) = preSolution
		Debug|Any CPU = Debug|Any CPU
		Release|Any CPU = Release|Any CPU
	EndGlobalSection
	GlobalSection(ProjectConfigurationPlatforms) = postSolution
		{89D4D0C4-82E2-4D41-8C13-67210381D3A2}.Debug|Any CPU.ActiveCfg = Debug|Any CPU
		{89D4D0C4-82E2-4D41-8C13-67210381D3A2}.Debug|Any CPU.Build.0 = Debug|Any CPU
		{89D4D0C4-82E2-4D41-8C13-67210381D3A2}.Release|Any CPU.ActiveCfg = Release|Any CPU
		{89D4D0C4-82E2-4D41-8C13-67210381D3A2}.Release|Any CPU.Build.0 = Release|Any CPU
		{D4FE7130-24AA-4F66-8A09-32A1E5E38ECB}.Debug|Any CPU.ActiveCfg = Debug|Any CPU
		{D4FE7130-24AA-4F66-8A09-32A1E5E38ECB}.Debug|Any CPU.Build.0 = Debug|Any CPU
		{D4FE7130-24AA-4F66-8A09-32A1E5E38ECB}.Release|Any CPU.ActiveCfg = Release|Any CPU
		{D4FE7130-24AA-4F66-8A09-32A1E5E38ECB}.Release|Any CPU.Build.0 = Release|Any CPU
		{03093920-B833-4A8A-8A80-4504E56271E2}.Debug|Any CPU.ActiveCfg = Debug|Any CPU
		{03093920-B833-4A8A-8A80-4504E56271E2}.Debug|Any CPU.Build.0 = Debug|Any CPU
		{03093920-B833-4A8A-8A80-4504E56271E2}.Release|Any CPU.ActiveCfg = Release|Any CPU
		{03093920-B833-4A8A-8A80-4504E56271E2}.Release|Any CPU.Build.0 = Release|Any CPU
		{CF433257-58FF-4EB2-8EEC-3879DE16829C}.Debug|Any CPU.ActiveCfg = Debug|Any CPU
		{CF433257-58FF-4EB2-8EEC-3879DE16829C}.Debug|Any CPU.Build.0 = Debug|Any CPU
		{CF433257-58FF-4EB2-8EEC-3879DE16829C}.Release|Any CPU.ActiveCfg = Release|Any CPU
		{CF433257-58FF-4EB2-8EEC-3879DE16829C}.Release|Any CPU.Build.0 = Release|Any CPU
		{432E8435-73A9-778C-C3B1-B4E8FA2E34BA}.Debug|Any CPU.ActiveCfg = Debug|Any CPU
		{432E8435-73A9-778C-C3B1-B4E8FA2E34BA}.Debug|Any CPU.Build.0 = Debug|Any CPU
		{432E8435-73A9-778C-C3B1-B4E8FA2E34BA}.Release|Any CPU.ActiveCfg = Release|Any CPU
		{432E8435-73A9-778C-C3B1-B4E8FA2E34BA}.Release|Any CPU.Build.0 = Release|Any CPU
	EndGlobalSection
	GlobalSection(SolutionProperties) = preSolution
		HideSolutionNode = FALSE
	EndGlobalSection
	GlobalSection(NestedProjects) = preSolution
		{89D4D0C4-82E2-4D41-8C13-67210381D3A2} = {02EA681E-C7D8-13C7-8484-4AC65E1B71E8}
		{D4FE7130-24AA-4F66-8A09-32A1E5E38ECB} = {02EA681E-C7D8-13C7-8484-4AC65E1B71E8}
		{03093920-B833-4A8A-8A80-4504E56271E2} = {02EA681E-C7D8-13C7-8484-4AC65E1B71E8}
		{CF433257-58FF-4EB2-8EEC-3879DE16829C} = {02EA681E-C7D8-13C7-8484-4AC65E1B71E8}
		{432E8435-73A9-778C-C3B1-B4E8FA2E34BA} = {A170E0E7-6C82-4C59-9DAC-25AD1DE26D1B}
	EndGlobalSection
	GlobalSection(ExtensibilityGlobals) = postSolution
		SolutionGuid = {2F97C7D3-3991-4888-A2A2-42FAF27E984E}
	EndGlobalSection
EndGlobal
